
Microsoft Visual Studio Solution File, Format Version 12.00
# Visual Studio Version 16
VisualStudioVersion = 16.0.28922.388
MinimumVisualStudioVersion = 10.0.40219.1
Project("{FAE04EC0-301F-11D3-BF4B-00C04F79EFBC}") = "InsuranceRenewalReminderDemo", "InsuranceRenewalReminderDemo\InsuranceRenewalReminderDemo.csproj", "{6032B3F5-D4A5-4E00-953D-C95C14A53815}"
EndProject
Project("{FAE04EC0-301F-11D3-BF4B-00C04F79EFBC}") = "InsuranceRenewalReminderDemo.Tests", "InsuranceRenewalReminderDemo.Tests\InsuranceRenewalReminderDemo.Tests.csproj", "{2CF16B11-3783-4EC8-B3AB-7DFC095A71B2}"
EndProject
Project("{FAE04EC0-301F-11D3-BF4B-00C04F79EFBC}") = "InsuranceRenewalCalculator", "InsuranceRenewalCalculator\InsuranceRenewalCalculator.csproj", "{CB472506-073B-41F6-B4D4-CA214F2B7C09}"
EndProject
Project("{FAE04EC0-301F-11D3-BF4B-00C04F79EFBC}") = "EventLogHandler", "EventLogHandler\EventLogHandler.csproj", "{47943E8D-1A77-4A92-A387-ED61E6175F3F}"
EndProject
Global
	GlobalSection(SolutionConfigurationPlatforms) = preSolution
		Debug|Any CPU = Debug|Any CPU
		Release|Any CPU = Release|Any CPU
	EndGlobalSection
	GlobalSection(ProjectConfigurationPlatforms) = postSolution
		{6032B3F5-D4A5-4E00-953D-C95C14A53815}.Debug|Any CPU.ActiveCfg = Debug|Any CPU
		{6032B3F5-D4A5-4E00-953D-C95C14A53815}.Debug|Any CPU.Build.0 = Debug|Any CPU
		{6032B3F5-D4A5-4E00-953D-C95C14A53815}.Release|Any CPU.ActiveCfg = Release|Any CPU
		{6032B3F5-D4A5-4E00-953D-C95C14A53815}.Release|Any CPU.Build.0 = Release|Any CPU
		{2CF16B11-3783-4EC8-B3AB-7DFC095A71B2}.Debug|Any CPU.ActiveCfg = Debug|Any CPU
		{2CF16B11-3783-4EC8-B3AB-7DFC095A71B2}.Debug|Any CPU.Build.0 = Debug|Any CPU
		{2CF16B11-3783-4EC8-B3AB-7DFC095A71B2}.Release|Any CPU.ActiveCfg = Release|Any CPU
		{2CF16B11-3783-4EC8-B3AB-7DFC095A71B2}.Release|Any CPU.Build.0 = Release|Any CPU
		{CB472506-073B-41F6-B4D4-CA214F2B7C09}.Debug|Any CPU.ActiveCfg = Debug|Any CPU
		{CB472506-073B-41F6-B4D4-CA214F2B7C09}.Debug|Any CPU.Build.0 = Debug|Any CPU
		{CB472506-073B-41F6-B4D4-CA214F2B7C09}.Release|Any CPU.ActiveCfg = Release|Any CPU
		{CB472506-073B-41F6-B4D4-CA214F2B7C09}.Release|Any CPU.Build.0 = Release|Any CPU
		{47943E8D-1A77-4A92-A387-ED61E6175F3F}.Debug|Any CPU.ActiveCfg = Debug|Any CPU
		{47943E8D-1A77-4A92-A387-ED61E6175F3F}.Debug|Any CPU.Build.0 = Debug|Any CPU
		{47943E8D-1A77-4A92-A387-ED61E6175F3F}.Release|Any CPU.ActiveCfg = Release|Any CPU
		{47943E8D-1A77-4A92-A387-ED61E6175F3F}.Release|Any CPU.Build.0 = Release|Any CPU
	EndGlobalSection
	GlobalSection(SolutionProperties) = preSolution
		HideSolutionNode = FALSE
	EndGlobalSection
	GlobalSection(ExtensibilityGlobals) = postSolution
		SolutionGuid = {83C4B456-2DBA-460E-9EBD-D1CFBA48F6DA}
	EndGlobalSection
EndGlobal
